Microsoft Visual Studio Solution File, Format Version 12.00
# Visual Studio 2012
Project("{FAE04EC0-301F-11D3-BF4B-00C04F79EFBC}") = "Rhythm Game Jam 26", "Rhythm Game Jam 26.csproj", "{3E203199-C114-4A8C-A822-3BCAF20612D6}"
EndProject
Global
	GlobalSection(SolutionConfigurationPlatforms) = preSolution
	Debug|Any CPU = Debug|Any CPU
	ExportDebug|Any CPU = ExportDebug|Any CPU
	ExportRelease|Any CPU = ExportRelease|Any CPU
	EndGlobalSection
	GlobalSection(ProjectConfigurationPlatforms) = postSolution
		{3E203199-C114-4A8C-A822-3BCAF20612D6}.Debug|Any CPU.ActiveCfg = Debug|Any CPU
		{3E203199-C114-4A8C-A822-3BCAF20612D6}.Debug|Any CPU.Build.0 = Debug|Any CPU
		{3E203199-C114-4A8C-A822-3BCAF20612D6}.ExportDebug|Any CPU.ActiveCfg = ExportDebug|Any CPU
		{3E203199-C114-4A8C-A822-3BCAF20612D6}.ExportDebug|Any CPU.Build.0 = ExportDebug|Any CPU
		{3E203199-C114-4A8C-A822-3BCAF20612D6}.ExportRelease|Any CPU.ActiveCfg = ExportRelease|Any CPU
		{3E203199-C114-4A8C-A822-3BCAF20612D6}.ExportRelease|Any CPU.Build.0 = ExportRelease|Any CPU
	EndGlobalSection
EndGlobal
